
Microsoft Visual Studio Solution File, Format Version 12.00
# Visual Studio Version 17
VisualStudioVersion = 17.5.33530.505
MinimumVisualStudioVersion = 10.0.40219.1
Project("{8BC9CEB8-8B4A-11D0-8D11-00A0C91BC942}") = "TN 201R Program 6 - Store Simulation", "TN 201R Program 6 - Store Simulation.vcxproj", "{F907121D-AA75-4768-8DE4-F5F228761800}"
EndProject
Global
	GlobalSection(SolutionConfigurationPlatforms) = preSolution
		Debug|x64 = Debug|x64
		Debug|x86 = Debug|x86
		Release|x64 = Release|x64
		Release|x86 = Release|x86
	EndGlobalSection
	GlobalSection(ProjectConfigurationPlatforms) = postSolution
		{F907121D-AA75-4768-8DE4-F5F228761800}.Debug|x64.ActiveCfg = Debug|x64
		{F907121D-AA75-4768-8DE4-F5F228761800}.Debug|x64.Build.0 = Debug|x64
		{F907121D-AA75-4768-8DE4-F5F228761800}.Debug|x86.ActiveCfg = Debug|Win32
		{F907121D-AA75-4768-8DE4-F5F228761800}.Debug|x86.Build.0 = Debug|Win32
		{F907121D-AA75-4768-8DE4-F5F228761800}.Release|x64.ActiveCfg = Release|x64
		{F907121D-AA75-4768-8DE4-F5F228761800}.Release|x64.Build.0 = Release|x64
		{F907121D-AA75-4768-8DE4-F5F228761800}.Release|x86.ActiveCfg = Release|Win32
		{F907121D-AA75-4768-8DE4-F5F228761800}.Release|x86.Build.0 = Release|Win32
	EndGlobalSection
	GlobalSection(SolutionProperties) = preSolution
		HideSolutionNode = FALSE
	EndGlobalSection
	GlobalSection(ExtensibilityGlobals) = postSolution
		SolutionGuid = {B4EF492C-8BB0-498C-B3C9-06BA01A76C4A}
	EndGlobalSection
EndGlobal
